
Microsoft Visual Studio Solution File, Format Version 12.00
# Visual Studio Version 17
VisualStudioVersion = 17.3.32922.545
MinimumVisualStudioVersion = 10.0.40219.1
Project("{FAE04EC0-301F-11D3-BF4B-00C04F79EFBC}") = "shopping.client", "shopping.client\shopping.client.csproj", "{5D5D61F9-76ED-4860-91CF-7126EEFCB317}"
EndProject
Global
	GlobalSection(SolutionConfigurationPlatforms) = preSolution
		Debug|Any CPU = Debug|Any CPU
		Release|Any CPU = Release|Any CPU
	EndGlobalSection
	GlobalSection(ProjectConfigurationPlatforms) = postSolution
		{5D5D61F9-76ED-4860-91CF-7126EEFCB317}.Debug|Any CPU.ActiveCfg = Debug|Any CPU
		{5D5D61F9-76ED-4860-91CF-7126EEFCB317}.Debug|Any CPU.Build.0 = Debug|Any CPU
		{5D5D61F9-76ED-4860-91CF-7126EEFCB317}.Release|Any CPU.ActiveCfg = Release|Any CPU
		{5D5D61F9-76ED-4860-91CF-7126EEFCB317}.Release|Any CPU.Build.0 = Release|Any CPU
	EndGlobalSection
	GlobalSection(SolutionProperties) = preSolution
		HideSolutionNode = FALSE
	EndGlobalSection
	GlobalSection(ExtensibilityGlobals) = postSolution
		SolutionGuid = {E7DCD5F9-B87F-4F3C-97BE-7F9E8618A45D}
	EndGlobalSection
EndGlobal
